
Microsoft Visual Studio Solution File, Format Version 12.00
# Visual Studio 15
VisualStudioVersion = 15.0.28307.136
MinimumVisualStudioVersion = 10.0.40219.1
Project("{FAE04EC0-301F-11D3-BF4B-00C04F79EFBC}") = "WpfApp1", "WpfApp1\WpfApp1.csproj", "{295ED658-F87B-4D81-952D-0D2A65161648}"
EndProject
Global
	GlobalSection(SolutionConfigurationPlatforms) = preSolution
		Debug|Any CPU = Debug|Any CPU
		Release|Any CPU = Release|Any CPU
	EndGlobalSection
	GlobalSection(ProjectConfigurationPlatforms) = postSolution
		{295ED658-F87B-4D81-952D-0D2A65161648}.Debug|Any CPU.ActiveCfg = Debug|Any CPU
		{295ED658-F87B-4D81-952D-0D2A65161648}.Debug|Any CPU.Build.0 = Debug|Any CPU
		{295ED658-F87B-4D81-952D-0D2A65161648}.Release|Any CPU.ActiveCfg = Release|Any CPU
		{295ED658-F87B-4D81-952D-0D2A65161648}.Release|Any CPU.Build.0 = Release|Any CPU
	EndGlobalSection
	GlobalSection(SolutionProperties) = preSolution
		HideSolutionNode = FALSE
	EndGlobalSection
	GlobalSection(ExtensibilityGlobals) = postSolution
		SolutionGuid = {F2D86C4E-B19D-45DF-AB5C-A6CB986817AD}
	EndGlobalSection
EndGlobal
